
Microsoft Visual Studio Solution File, Format Version 12.00
# Visual Studio Version 17
VisualStudioVersion = 17.14.36401.2 d17.14
MinimumVisualStudioVersion = 10.0.40219.1
Project("{FAE04EC0-301F-11D3-BF4B-00C04F79EFBC}") = "Day02_EntityFramework", "Day02_EntityFramework\Day02_EntityFramework.csproj", "{CF98BD54-98B8-41EF-8150-44B9374EB5E8}"
EndProject
Project("{FAE04EC0-301F-11D3-BF4B-00C04F79EFBC}") = "Library_System", "Library_System\Library_System.csproj", "{2EE9A198-13EF-4D38-AB17-C804FC8B4D22}"
EndProject
Project("{FAE04EC0-301F-11D3-BF4B-00C04F79EFBC}") = "Health_Care_System", "Health_Care_System\Health_Care_System.csproj", "{353BA4D0-B1B1-4C0E-9BC1-0975063D021D}"
EndProject
Global
	GlobalSection(SolutionConfigurationPlatforms) = preSolution
		Debug|Any CPU = Debug|Any CPU
		Release|Any CPU = Release|Any CPU
	EndGlobalSection
	GlobalSection(ProjectConfigurationPlatforms) = postSolution
		{CF98BD54-98B8-41EF-8150-44B9374EB5E8}.Debug|Any CPU.ActiveCfg = Debug|Any CPU
		{CF98BD54-98B8-41EF-8150-44B9374EB5E8}.Debug|Any CPU.Build.0 = Debug|Any CPU
		{CF98BD54-98B8-41EF-8150-44B9374EB5E8}.Release|Any CPU.ActiveCfg = Release|Any CPU
		{CF98BD54-98B8-41EF-8150-44B9374EB5E8}.Release|Any CPU.Build.0 = Release|Any CPU
		{2EE9A198-13EF-4D38-AB17-C804FC8B4D22}.Debug|Any CPU.ActiveCfg = Debug|Any CPU
		{2EE9A198-13EF-4D38-AB17-C804FC8B4D22}.Debug|Any CPU.Build.0 = Debug|Any CPU
		{2EE9A198-13EF-4D38-AB17-C804FC8B4D22}.Release|Any CPU.ActiveCfg = Release|Any CPU
		{2EE9A198-13EF-4D38-AB17-C804FC8B4D22}.Release|Any CPU.Build.0 = Release|Any CPU
		{353BA4D0-B1B1-4C0E-9BC1-0975063D021D}.Debug|Any CPU.ActiveCfg = Debug|Any CPU
		{353BA4D0-B1B1-4C0E-9BC1-0975063D021D}.Debug|Any CPU.Build.0 = Debug|Any CPU
		{353BA4D0-B1B1-4C0E-9BC1-0975063D021D}.Release|Any CPU.ActiveCfg = Release|Any CPU
		{353BA4D0-B1B1-4C0E-9BC1-0975063D021D}.Release|Any CPU.Build.0 = Release|Any CPU
	EndGlobalSection
	GlobalSection(SolutionProperties) = preSolution
		HideSolutionNode = FALSE
	EndGlobalSection
	GlobalSection(ExtensibilityGlobals) = postSolution
		SolutionGuid = {91B1F99D-AF17-4ECC-8C66-6D8BF8D79694}
	EndGlobalSection
EndGlobal
