
Microsoft Visual Studio Solution File, Format Version 12.00
# Visual Studio Version 17
VisualStudioVersion = 17.13.36105.23 d17.13
MinimumVisualStudioVersion = 10.0.40219.1
Project("{FAE04EC0-301F-11D3-BF4B-00C04F79EFBC}") = "Day02_C#", "Day02_C#\Day02_C#.csproj", "{FCAF83B2-313F-48E9-99E2-252BB1F72BDD}"
EndProject
Global
	GlobalSection(SolutionConfigurationPlatforms) = preSolution
		Debug|Any CPU = Debug|Any CPU
		Release|Any CPU = Release|Any CPU
	EndGlobalSection
	GlobalSection(ProjectConfigurationPlatforms) = postSolution
		{FCAF83B2-313F-48E9-99E2-252BB1F72BDD}.Debug|Any CPU.ActiveCfg = Debug|Any CPU
		{FCAF83B2-313F-48E9-99E2-252BB1F72BDD}.Debug|Any CPU.Build.0 = Debug|Any CPU
		{FCAF83B2-313F-48E9-99E2-252BB1F72BDD}.Release|Any CPU.ActiveCfg = Release|Any CPU
		{FCAF83B2-313F-48E9-99E2-252BB1F72BDD}.Release|Any CPU.Build.0 = Release|Any CPU
	EndGlobalSection
	GlobalSection(SolutionProperties) = preSolution
		HideSolutionNode = FALSE
	EndGlobalSection
	GlobalSection(ExtensibilityGlobals) = postSolution
		SolutionGuid = {18101781-BA25-4ED4-A2C0-0AE937E50DB5}
	EndGlobalSection
EndGlobal
