
Microsoft Visual Studio Solution File, Format Version 12.00
# Visual Studio Version 17
VisualStudioVersion = 17.14.36401.2 d17.14
MinimumVisualStudioVersion = 10.0.40219.1
Project("{FAE04EC0-301F-11D3-BF4B-00C04F79EFBC}") = "EF_Day01", "EF_Day01\EF_Day01.csproj", "{46971788-D63B-4C0F-ACE7-299568B97B4B}"
EndProject
Global
	GlobalSection(SolutionConfigurationPlatforms) = preSolution
		Debug|Any CPU = Debug|Any CPU
		Release|Any CPU = Release|Any CPU
	EndGlobalSection
	GlobalSection(ProjectConfigurationPlatforms) = postSolution
		{46971788-D63B-4C0F-ACE7-299568B97B4B}.Debug|Any CPU.ActiveCfg = Debug|Any CPU
		{46971788-D63B-4C0F-ACE7-299568B97B4B}.Debug|Any CPU.Build.0 = Debug|Any CPU
		{46971788-D63B-4C0F-ACE7-299568B97B4B}.Release|Any CPU.ActiveCfg = Release|Any CPU
		{46971788-D63B-4C0F-ACE7-299568B97B4B}.Release|Any CPU.Build.0 = Release|Any CPU
	EndGlobalSection
	GlobalSection(SolutionProperties) = preSolution
		HideSolutionNode = FALSE
	EndGlobalSection
	GlobalSection(ExtensibilityGlobals) = postSolution
		SolutionGuid = {D8E80DDA-DD48-4FD6-86E5-52ABDBB4E73A}
	EndGlobalSection
EndGlobal
