
Microsoft Visual Studio Solution File, Format Version 12.00
# Visual Studio Version 17
VisualStudioVersion = 17.14.36401.2
MinimumVisualStudioVersion = 10.0.40219.1
Project("{FAE04EC0-301F-11D3-BF4B-00C04F79EFBC}") = "Day06_c#", "Day06_c#\Day06_c#.csproj", "{0551F99F-BCB9-42E2-A402-0766DD5EE497}"
EndProject
Project("{FAE04EC0-301F-11D3-BF4B-00C04F79EFBC}") = "ProjectB", "ProjectB\ProjectB.csproj", "{EE331BBE-74A1-4E0E-8EC3-20AEE341F619}"
EndProject
Global
	GlobalSection(SolutionConfigurationPlatforms) = preSolution
		Debug|Any CPU = Debug|Any CPU
		Release|Any CPU = Release|Any CPU
	EndGlobalSection
	GlobalSection(ProjectConfigurationPlatforms) = postSolution
		{0551F99F-BCB9-42E2-A402-0766DD5EE497}.Debug|Any CPU.ActiveCfg = Debug|Any CPU
		{0551F99F-BCB9-42E2-A402-0766DD5EE497}.Debug|Any CPU.Build.0 = Debug|Any CPU
		{0551F99F-BCB9-42E2-A402-0766DD5EE497}.Release|Any CPU.ActiveCfg = Release|Any CPU
		{0551F99F-BCB9-42E2-A402-0766DD5EE497}.Release|Any CPU.Build.0 = Release|Any CPU
		{EE331BBE-74A1-4E0E-8EC3-20AEE341F619}.Debug|Any CPU.ActiveCfg = Debug|Any CPU
		{EE331BBE-74A1-4E0E-8EC3-20AEE341F619}.Debug|Any CPU.Build.0 = Debug|Any CPU
		{EE331BBE-74A1-4E0E-8EC3-20AEE341F619}.Release|Any CPU.ActiveCfg = Release|Any CPU
		{EE331BBE-74A1-4E0E-8EC3-20AEE341F619}.Release|Any CPU.Build.0 = Release|Any CPU
	EndGlobalSection
	GlobalSection(SolutionProperties) = preSolution
		HideSolutionNode = FALSE
	EndGlobalSection
	GlobalSection(ExtensibilityGlobals) = postSolution
		SolutionGuid = {AC15B559-2A9B-4115-B0BD-6D41755A8F0A}
	EndGlobalSection
EndGlobal
